// !$*UTF8*$!
{
	archiveVersion = 1;
	classes = {
	};
	objectVersion = 77;
	objects = {

/* Begin PBXBuildFile section */
		06ECA329368202D20FD844AA /* WebSocketReconnectionTests.swift in Sources */ = {isa = PBXBuildFile; fileRef = 7C1393D995F2696F98C1C89C /* WebSocketReconnectionTests.swift */; };
		158D44621685751B0546D5DA /* ServerConfigTests.swift in Sources */ = {isa = PBXBuildFile; fileRef = C59CED367898C474069E3213 /* ServerConfigTests.swift */; };
		23C8978B50197BF9555617D1 /* AuthenticationTests.swift in Sources */ = {isa = PBXBuildFile; fileRef = 4EFF4F4FCC68ABD2DD61236A /* AuthenticationTests.swift */; };
		28025FD8BA23E09ACC5D5DBE /* StandaloneTests.swift in Sources */ = {isa = PBXBuildFile; fileRef = 58F9E6847DB24AB31B79892D /* StandaloneTests.swift */; };
		2EC33DEC43FC1B852E14D68D /* BufferWebSocketClientTests.swift in Sources */ = {isa = PBXBuildFile; fileRef = AAD9ACCCA0484E98E19EA526 /* BufferWebSocketClientTests.swift */; };
		37F443E4197823FDF8CA606B /* PerformanceTests.swift in Sources */ = {isa = PBXBuildFile; fileRef = 1B55C6306EFFA815DD4FEACF /* PerformanceTests.swift */; };
		4978D383FA22582253F0A235 /* TestTags.swift in Sources */ = {isa = PBXBuildFile; fileRef = 7DEFD2BEC22AD6C63662BBCC /* TestTags.swift */; };
		4D7390893EEFAF2D477F5743 /* APIErrorTests.swift in Sources */ = {isa = PBXBuildFile; fileRef = C89DCBC77E29C4BB101AD9B1 /* APIErrorTests.swift */; };
		7272E2FE084BB86440A69701 /* SwiftTerm in Frameworks */ = {isa = PBXBuildFile; productRef = 51D59A51D50DE7492ECEAA6F /* SwiftTerm */; };
		7B26854C04FF5D1C038A5037 /* FileSystemTests.swift in Sources */ = {isa = PBXBuildFile; fileRef = D7944FA0BCAF473B70BF3CCB /* FileSystemTests.swift */; };
		7F3D27715A3983AB6666B17B /* MockAPIClient.swift in Sources */ = {isa = PBXBuildFile; fileRef = 32821B5412285EF9E3A0ED96 /* MockAPIClient.swift */; };
		83D559A0E9AF0E6E365BF637 /* TerminalParsingTests.swift in Sources */ = {isa = PBXBuildFile; fileRef = BAC5C7443FDF6C2B6F949714 /* TerminalParsingTests.swift */; };
		9BE0B545CA3C78905CDCB053 /* Foundation.framework in Frameworks */ = {isa = PBXBuildFile; fileRef = 7C27ECCFC47CD72452A9FD3E /* Foundation.framework */; };
		A3299C08C2C42CD0D9E9C08F /* TestFixtures.swift in Sources */ = {isa = PBXBuildFile; fileRef = D52361AC13872777FE89E7E7 /* TestFixtures.swift */; };
		AB3AFB39B209E322F1E0A2DB /* APIClientTests.swift in Sources */ = {isa = PBXBuildFile; fileRef = DC86F879E130343AB24FBC99 /* APIClientTests.swift */; };
		BC32BACD47537C1C014B084F /* SessionTests.swift in Sources */ = {isa = PBXBuildFile; fileRef = AEB4832D7AB18C7D4D500375 /* SessionTests.swift */; };
		CC64F5D820A1B2CDD15DF6B6 /* MockURLProtocol.swift in Sources */ = {isa = PBXBuildFile; fileRef = DBA03CD68BCDD47398BD5513 /* MockURLProtocol.swift */; };
		CCEA9D5E1E964C42B3C8A08D /* VibeTunnelTests.swift in Sources */ = {isa = PBXBuildFile; fileRef = 79BB14B2ABAB59101C1824AC /* VibeTunnelTests.swift */; };
		E03460669899D86C399F175F /* MockWebSocketTask.swift in Sources */ = {isa = PBXBuildFile; fileRef = 33A722A5D0F48FEE3FAE17D2 /* MockWebSocketTask.swift */; };
		EBF9090E9233DCF36E50BCF3 /* EdgeCaseTests.swift in Sources */ = {isa = PBXBuildFile; fileRef = E8DE4AA813BD980C6B7AC67F /* EdgeCaseTests.swift */; };
		F68FB5FDD77B3717A8BD0AE9 /* ConnectionManagerTests.swift in Sources */ = {isa = PBXBuildFile; fileRef = 73EFBF1304211320146BEEEC /* ConnectionManagerTests.swift */; };
/* End PBXBuildFile section */

/* Begin PBXContainerItemProxy section */
		41231DF120B7AB8B65987026 /* PBXContainerItemProxy */ = {
			isa = PBXContainerItemProxy;
			containerPortal = 4C82CEFDA8E4EFE0B37538D7 /* Project object */;
			proxyType = 1;
			remoteGlobalIDString = 788687F02DFF4FCB00B22C15;
			remoteInfo = VibeTunnel;
		};
/* End PBXContainerItemProxy section */

/* Begin PBXFileReference section */
		1B55C6306EFFA815DD4FEACF /* PerformanceTests.swift */ = {isa = PBXFileReference; includeInIndex = 1; lastKnownFileType = sourcecode.swift; name = PerformanceTests.swift; path = VibeTunnelTests/PerformanceTests.swift; sourceTree = "<group>"; };
		216D52E392D8F0CDC6358BB8 /* VibeTunnel.app */ = {isa = PBXFileReference; explicitFileType = wrapper.application; includeInIndex = 0; path = VibeTunnel.app; sourceTree = BUILT_PRODUCTS_DIR; };
		32821B5412285EF9E3A0ED96 /* MockAPIClient.swift */ = {isa = PBXFileReference; includeInIndex = 1; lastKnownFileType = sourcecode.swift; name = MockAPIClient.swift; path = VibeTunnelTests/Mocks/MockAPIClient.swift; sourceTree = "<group>"; };
		33A722A5D0F48FEE3FAE17D2 /* MockWebSocketTask.swift */ = {isa = PBXFileReference; includeInIndex = 1; lastKnownFileType = sourcecode.swift; name = MockWebSocketTask.swift; path = VibeTunnelTests/Mocks/MockWebSocketTask.swift; sourceTree = "<group>"; };
		4EFF4F4FCC68ABD2DD61236A /* AuthenticationTests.swift */ = {isa = PBXFileReference; includeInIndex = 1; lastKnownFileType = sourcecode.swift; name = AuthenticationTests.swift; path = VibeTunnelTests/AuthenticationTests.swift; sourceTree = "<group>"; };
		58F9E6847DB24AB31B79892D /* StandaloneTests.swift */ = {isa = PBXFileReference; includeInIndex = 1; lastKnownFileType = sourcecode.swift; name = StandaloneTests.swift; path = VibeTunnelTests/StandaloneTests.swift; sourceTree = "<group>"; };
		73EFBF1304211320146BEEEC /* ConnectionManagerTests.swift */ = {isa = PBXFileReference; includeInIndex = 1; lastKnownFileType = sourcecode.swift; name = ConnectionManagerTests.swift; path = VibeTunnelTests/Services/ConnectionManagerTests.swift; sourceTree = "<group>"; };
		79BB14B2ABAB59101C1824AC /* VibeTunnelTests.swift */ = {isa = PBXFileReference; includeInIndex = 1; lastKnownFileType = sourcecode.swift; name = VibeTunnelTests.swift; path = VibeTunnelTests/VibeTunnelTests.swift; sourceTree = "<group>"; };
		7C1393D995F2696F98C1C89C /* WebSocketReconnectionTests.swift */ = {isa = PBXFileReference; includeInIndex = 1; lastKnownFileType = sourcecode.swift; name = WebSocketReconnectionTests.swift; path = VibeTunnelTests/WebSocketReconnectionTests.swift; sourceTree = "<group>"; };
		7C27ECCFC47CD72452A9FD3E /* Foundation.framework */ = {isa = PBXFileReference; lastKnownFileType = wrapper.framework; name = Foundation.framework; path = Platforms/iPhoneOS.platform/Developer/SDKs/iPhoneOS18.0.sdk/System/Library/Frameworks/Foundation.framework; sourceTree = DEVELOPER_DIR; };
		7DEFD2BEC22AD6C63662BBCC /* TestTags.swift */ = {isa = PBXFileReference; includeInIndex = 1; lastKnownFileType = sourcecode.swift; name = TestTags.swift; path = VibeTunnelTests/Utilities/TestTags.swift; sourceTree = "<group>"; };
		93A0E229E7C701C7D6AD921B /* VibeTunnelTests.xctest */ = {isa = PBXFileReference; explicitFileType = wrapper.cfbundle; includeInIndex = 0; path = VibeTunnelTests.xctest; sourceTree = BUILT_PRODUCTS_DIR; };
		AAD9ACCCA0484E98E19EA526 /* BufferWebSocketClientTests.swift */ = {isa = PBXFileReference; includeInIndex = 1; lastKnownFileType = sourcecode.swift; name = BufferWebSocketClientTests.swift; path = VibeTunnelTests/Services/BufferWebSocketClientTests.swift; sourceTree = "<group>"; };
		AEB4832D7AB18C7D4D500375 /* SessionTests.swift */ = {isa = PBXFileReference; includeInIndex = 1; lastKnownFileType = sourcecode.swift; name = SessionTests.swift; path = VibeTunnelTests/Models/SessionTests.swift; sourceTree = "<group>"; };
		BAC5C7443FDF6C2B6F949714 /* TerminalParsingTests.swift */ = {isa = PBXFileReference; includeInIndex = 1; lastKnownFileType = sourcecode.swift; name = TerminalParsingTests.swift; path = VibeTunnelTests/TerminalParsingTests.swift; sourceTree = "<group>"; };
		C59CED367898C474069E3213 /* ServerConfigTests.swift */ = {isa = PBXFileReference; includeInIndex = 1; lastKnownFileType = sourcecode.swift; name = ServerConfigTests.swift; path = VibeTunnelTests/Models/ServerConfigTests.swift; sourceTree = "<group>"; };
		C89DCBC77E29C4BB101AD9B1 /* APIErrorTests.swift */ = {isa = PBXFileReference; includeInIndex = 1; lastKnownFileType = sourcecode.swift; name = APIErrorTests.swift; path = VibeTunnelTests/APIErrorTests.swift; sourceTree = "<group>"; };
		D52361AC13872777FE89E7E7 /* TestFixtures.swift */ = {isa = PBXFileReference; includeInIndex = 1; lastKnownFileType = sourcecode.swift; name = TestFixtures.swift; path = VibeTunnelTests/Utilities/TestFixtures.swift; sourceTree = "<group>"; };
		D7944FA0BCAF473B70BF3CCB /* FileSystemTests.swift */ = {isa = PBXFileReference; includeInIndex = 1; lastKnownFileType = sourcecode.swift; name = FileSystemTests.swift; path = VibeTunnelTests/FileSystemTests.swift; sourceTree = "<group>"; };
		DBA03CD68BCDD47398BD5513 /* MockURLProtocol.swift */ = {isa = PBXFileReference; includeInIndex = 1; lastKnownFileType = sourcecode.swift; name = MockURLProtocol.swift; path = VibeTunnelTests/Mocks/MockURLProtocol.swift; sourceTree = "<group>"; };
		DC86F879E130343AB24FBC99 /* APIClientTests.swift */ = {isa = PBXFileReference; includeInIndex = 1; lastKnownFileType = sourcecode.swift; name = APIClientTests.swift; path = VibeTunnelTests/Services/APIClientTests.swift; sourceTree = "<group>"; };
		E8DE4AA813BD980C6B7AC67F /* EdgeCaseTests.swift */ = {isa = PBXFileReference; includeInIndex = 1; lastKnownFileType = sourcecode.swift; name = EdgeCaseTests.swift; path = VibeTunnelTests/EdgeCaseTests.swift; sourceTree = "<group>"; };
/* End PBXFileReference section */

/* Begin PBXFileSystemSynchronizedBuildFileExceptionSet section */
		78868B612DFF808300B22C15 /* Exceptions for "VibeTunnel" folder in "VibeTunnel" target */ = {
			isa = PBXFileSystemSynchronizedBuildFileExceptionSet;
			membershipExceptions = (
				Resources/Info.plist,
			);
			target = 788687F02DFF4FCB00B22C15 /* VibeTunnel */;
		};
/* End PBXFileSystemSynchronizedBuildFileExceptionSet section */

/* Begin PBXFileSystemSynchronizedRootGroup section */
		A4640175A87A16583F0A76A8 /* VibeTunnel */ = {
			isa = PBXFileSystemSynchronizedRootGroup;
			exceptions = (
				78868B612DFF808300B22C15 /* Exceptions for "VibeTunnel" folder in "VibeTunnel" target */,
			);
			path = VibeTunnel;
			sourceTree = "<group>";
		};
/* End PBXFileSystemSynchronizedRootGroup section */

/* Begin PBXFrameworksBuildPhase section */
		2FD464BF4BA1F22E2EBF0847 /* Frameworks */ = {
			isa = PBXFrameworksBuildPhase;
			buildActionMask = 2147483647;
			files = (
				7272E2FE084BB86440A69701 /* SwiftTerm in Frameworks */,
			);
			runOnlyForDeploymentPostprocessing = 0;
		};
		6E9F3C599E68BCE98C39FB07 /* Frameworks */ = {
			isa = PBXFrameworksBuildPhase;
			buildActionMask = 2147483647;
			files = (
				9BE0B545CA3C78905CDCB053 /* Foundation.framework in Frameworks */,
			);
			runOnlyForDeploymentPostprocessing = 0;
		};
/* End PBXFrameworksBuildPhase section */

/* Begin PBXGroup section */
		0DD83B4196D66608380E46BB = {
			isa = PBXGroup;
			children = (
				A4640175A87A16583F0A76A8 /* VibeTunnel */,
				7866022B46DD9C411CAEDA26 /* Products */,
				BA0784F47C0CF8EA73E68265 /* Frameworks */,
				762BBB767A3EED9FAC65416B /* VibeTunnelTests */,
			);
			sourceTree = "<group>";
		};
		762BBB767A3EED9FAC65416B /* VibeTunnelTests */ = {
			isa = PBXGroup;
			children = (
				C89DCBC77E29C4BB101AD9B1 /* APIErrorTests.swift */,
				4EFF4F4FCC68ABD2DD61236A /* AuthenticationTests.swift */,
				E8DE4AA813BD980C6B7AC67F /* EdgeCaseTests.swift */,
				D7944FA0BCAF473B70BF3CCB /* FileSystemTests.swift */,
				32821B5412285EF9E3A0ED96 /* MockAPIClient.swift */,
				DBA03CD68BCDD47398BD5513 /* MockURLProtocol.swift */,
				33A722A5D0F48FEE3FAE17D2 /* MockWebSocketTask.swift */,
				C59CED367898C474069E3213 /* ServerConfigTests.swift */,
				AEB4832D7AB18C7D4D500375 /* SessionTests.swift */,
				1B55C6306EFFA815DD4FEACF /* PerformanceTests.swift */,
				DC86F879E130343AB24FBC99 /* APIClientTests.swift */,
				AAD9ACCCA0484E98E19EA526 /* BufferWebSocketClientTests.swift */,
				73EFBF1304211320146BEEEC /* ConnectionManagerTests.swift */,
				58F9E6847DB24AB31B79892D /* StandaloneTests.swift */,
				BAC5C7443FDF6C2B6F949714 /* TerminalParsingTests.swift */,
				D52361AC13872777FE89E7E7 /* TestFixtures.swift */,
				7DEFD2BEC22AD6C63662BBCC /* TestTags.swift */,
				79BB14B2ABAB59101C1824AC /* VibeTunnelTests.swift */,
				7C1393D995F2696F98C1C89C /* WebSocketReconnectionTests.swift */,
			);
			name = VibeTunnelTests;
			path = VibeTunnelTests;
			sourceTree = SOURCE_ROOT;
		};
		7866022B46DD9C411CAEDA26 /* Products */ = {
			isa = PBXGroup;
			children = (
				216D52E392D8F0CDC6358BB8 /* VibeTunnel.app */,
				93A0E229E7C701C7D6AD921B /* VibeTunnelTests.xctest */,
			);
			name = Products;
			sourceTree = "<group>";
		};
		BA0784F47C0CF8EA73E68265 /* Frameworks */ = {
			isa = PBXGroup;
			children = (
				F32522FE179C41E1B2445A65 /* iOS */,
			);
			name = Frameworks;
			sourceTree = "<group>";
		};
		F32522FE179C41E1B2445A65 /* iOS */ = {
			isa = PBXGroup;
			children = (
				7C27ECCFC47CD72452A9FD3E /* Foundation.framework */,
			);
			name = iOS;
			sourceTree = "<group>";
		};
/* End PBXGroup section */

/* Begin PBXNativeTarget section */
		788687F02DFF4FCB00B22C15 /* VibeTunnel */ = {
			isa = PBXNativeTarget;
			buildConfigurationList = 8D99F6108356CC0D04FBF9FD /* Build configuration list for PBXNativeTarget "VibeTunnel" */;
			buildPhases = (
				6B5EFF9E40E19685A12D29C9 /* Sources */,
				2FD464BF4BA1F22E2EBF0847 /* Frameworks */,
				A1EBEB60F7F8C33C5FF37ACF /* Resources */,
			);
			buildRules = (
			);
			dependencies = (
			);
			fileSystemSynchronizedGroups = (
				A4640175A87A16583F0A76A8 /* VibeTunnel */,
			);
			name = VibeTunnel;
			packageProductDependencies = (
				51D59A51D50DE7492ECEAA6F /* SwiftTerm */,
			);
			productName = VibeTunnel;
			productReference = 216D52E392D8F0CDC6358BB8 /* VibeTunnel.app */;
			productType = "com.apple.product-type.application";
		};
		ACF7BE3D1928F9FE0EFDC3D6 /* VibeTunnelTests */ = {
			isa = PBXNativeTarget;
			buildConfigurationList = CD6729C3C50838EA5DF394FF /* Build configuration list for PBXNativeTarget "VibeTunnelTests" */;
			buildPhases = (
				B348AC4C8A59DD3336F28A5C /* Sources */,
				6E9F3C599E68BCE98C39FB07 /* Frameworks */,
				B3F0FE536B63D27A238D904E /* Resources */,
			);
			buildRules = (
			);
			dependencies = (
				D454F02DC1E9F1C4037ADC23 /* PBXTargetDependency */,
			);
			name = VibeTunnelTests;
			productName = VibeTunnelTests;
			productReference = 93A0E229E7C701C7D6AD921B /* VibeTunnelTests.xctest */;
			productType = "com.apple.product-type.bundle.unit-test";
		};
/* End PBXNativeTarget section */

/* Begin PBXProject section */
		4C82CEFDA8E4EFE0B37538D7 /* Project object */ = {
			isa = PBXProject;
			attributes = {
				BuildIndependentTargetsInParallel = YES;
				LastSwiftUpdateCheck = 1600;
				LastUpgradeCheck = 1600;
				TargetAttributes = {
					788687F02DFF4FCB00B22C15 = {
						CreatedOnToolsVersion = 16.0;
					};
				};
			};
			buildConfigurationList = 6D69C4974433AED85B9B8A62 /* Build configuration list for PBXProject "VibeTunnel" */;
			developmentRegion = en;
			hasScannedForEncodings = 0;
			knownRegions = (
				en,
				Base,
			);
			mainGroup = 0DD83B4196D66608380E46BB;
			minimizedProjectReferenceProxies = 1;
			packageReferences = (
				99D7F1C619326805A282313E /* XCRemoteSwiftPackageReference "SwiftTerm" */,
			);
			preferredProjectObjectVersion = 77;
			productRefGroup = 7866022B46DD9C411CAEDA26 /* Products */;
			projectDirPath = "";
			projectRoot = "";
			targets = (
				788687F02DFF4FCB00B22C15 /* VibeTunnel */,
				ACF7BE3D1928F9FE0EFDC3D6 /* VibeTunnelTests */,
			);
		};
/* End PBXProject section */

/* Begin PBXResourcesBuildPhase section */
		A1EBEB60F7F8C33C5FF37ACF /* Resources */ = {
			isa = PBXResourcesBuildPhase;
			buildActionMask = 2147483647;
			files = (
			);
			runOnlyForDeploymentPostprocessing = 0;
		};
		B3F0FE536B63D27A238D904E /* Resources */ = {
			isa = PBXResourcesBuildPhase;
			buildActionMask = 2147483647;
			files = (
			);
			runOnlyForDeploymentPostprocessing = 0;
		};
/* End PBXResourcesBuildPhase section */

/* Begin PBXSourcesBuildPhase section */
		6B5EFF9E40E19685A12D29C9 /* Sources */ = {
			isa = PBXSourcesBuildPhase;
			buildActionMask = 2147483647;
			files = (
			);
			runOnlyForDeploymentPostprocessing = 0;
		};
		B348AC4C8A59DD3336F28A5C /* Sources */ = {
			isa = PBXSourcesBuildPhase;
			buildActionMask = 2147483647;
			files = (
				4D7390893EEFAF2D477F5743 /* APIErrorTests.swift in Sources */,
				23C8978B50197BF9555617D1 /* AuthenticationTests.swift in Sources */,
				EBF9090E9233DCF36E50BCF3 /* EdgeCaseTests.swift in Sources */,
				7B26854C04FF5D1C038A5037 /* FileSystemTests.swift in Sources */,
				7F3D27715A3983AB6666B17B /* MockAPIClient.swift in Sources */,
				CC64F5D820A1B2CDD15DF6B6 /* MockURLProtocol.swift in Sources */,
				E03460669899D86C399F175F /* MockWebSocketTask.swift in Sources */,
				158D44621685751B0546D5DA /* ServerConfigTests.swift in Sources */,
				BC32BACD47537C1C014B084F /* SessionTests.swift in Sources */,
				37F443E4197823FDF8CA606B /* PerformanceTests.swift in Sources */,
				AB3AFB39B209E322F1E0A2DB /* APIClientTests.swift in Sources */,
				2EC33DEC43FC1B852E14D68D /* BufferWebSocketClientTests.swift in Sources */,
				F68FB5FDD77B3717A8BD0AE9 /* ConnectionManagerTests.swift in Sources */,
				28025FD8BA23E09ACC5D5DBE /* StandaloneTests.swift in Sources */,
				83D559A0E9AF0E6E365BF637 /* TerminalParsingTests.swift in Sources */,
				A3299C08C2C42CD0D9E9C08F /* TestFixtures.swift in Sources */,
				4978D383FA22582253F0A235 /* TestTags.swift in Sources */,
				CCEA9D5E1E964C42B3C8A08D /* VibeTunnelTests.swift in Sources */,
				06ECA329368202D20FD844AA /* WebSocketReconnectionTests.swift in Sources */,
			);
			runOnlyForDeploymentPostprocessing = 0;
		};
/* End PBXSourcesBuildPhase section */

/* Begin PBXTargetDependency section */
		D454F02DC1E9F1C4037ADC23 /* PBXTargetDependency */ = {
			isa = PBXTargetDependency;
			name = VibeTunnel;
			target = 788687F02DFF4FCB00B22C15 /* VibeTunnel */;
			targetProxy = 41231DF120B7AB8B65987026 /* PBXContainerItemProxy */;
		};
/* End PBXTargetDependency section */

/* Begin XCBuildConfiguration section */
		2287F1E073ABA2294F8D65E6 /* Debug */ = {
			isa = XCBuildConfiguration;
			buildSettings = {
				ALWAYS_SEARCH_USER_PATHS = NO;
				ASSETCATALOG_COMPILER_APPICON_NAME = AppIcon;
				ASSETCATALOG_COMPILER_GENERATE_SWIFT_ASSET_SYMBOL_EXTENSIONS = YES;
				CLANG_ANALYZER_NONNULL = YES;
				CLANG_ANALYZER_NUMBER_OBJECT_CONVERSION = YES_AGGRESSIVE;
				CLANG_CXX_LANGUAGE_STANDARD = "gnu++14";
				CLANG_CXX_LIBRARY = "libc++";
				CLANG_ENABLE_MODULES = YES;
				CLANG_ENABLE_OBJC_ARC = YES;
				CLANG_ENABLE_OBJC_WEAK = YES;
				CLANG_WARN_BLOCK_CAPTURE_AUTORELEASING = YES;
				CLANG_WARN_BOOL_CONVERSION = YES;
				CLANG_WARN_COMMA = YES;
				CLANG_WARN_CONSTANT_CONVERSION = YES;
				CLANG_WARN_DEPRECATED_OBJC_IMPLEMENTATIONS = YES;
				CLANG_WARN_DIRECT_OBJC_ISA_USAGE = YES_ERROR;
				CLANG_WARN_DOCUMENTATION_COMMENTS = YES;
				CLANG_WARN_EMPTY_BODY = YES;
				CLANG_WARN_ENUM_CONVERSION = YES;
				CLANG_WARN_INFINITE_RECURSION = YES;
				CLANG_WARN_INT_CONVERSION = YES;
				CLANG_WARN_NON_LITERAL_NULL_CONVERSION = YES;
				CLANG_WARN_OBJC_IMPLICIT_RETAIN_SELF = YES;
				CLANG_WARN_OBJC_LITERAL_CONVERSION = YES;
				CLANG_WARN_OBJC_ROOT_CLASS = YES_ERROR;
				CLANG_WARN_QUOTED_INCLUDE_IN_FRAMEWORK_HEADER = YES;
				CLANG_WARN_RANGE_LOOP_ANALYSIS = YES;
				CLANG_WARN_STRICT_PROTOTYPES = YES;
				CLANG_WARN_SUSPICIOUS_MOVE = YES;
				CLANG_WARN_UNGUARDED_AVAILABILITY = YES_AGGRESSIVE;
				CLANG_WARN_UNREACHABLE_CODE = YES;
				CLANG_WARN__DUPLICATE_METHOD_MATCH = YES;
				CODE_SIGN_STYLE = Automatic;
				COPY_PHASE_STRIP = NO;
				CURRENT_PROJECT_VERSION = 1;
				DEBUG_INFORMATION_FORMAT = dwarf;
				DEVELOPMENT_TEAM = "";
				ENABLE_PREVIEWS = YES;
				ENABLE_STRICT_OBJC_MSGSEND = YES;
				ENABLE_TESTABILITY = YES;
				ENABLE_USER_SCRIPT_SANDBOXING = YES;
				GCC_C_LANGUAGE_STANDARD = gnu11;
				GCC_DYNAMIC_NO_PIC = NO;
				GCC_NO_COMMON_BLOCKS = YES;
				GCC_OPTIMIZATION_LEVEL = 0;
				GCC_PREPROCESSOR_DEFINITIONS = (
					"$(inherited)",
					"DEBUG=1",
				);
				GCC_WARN_64_TO_32_BIT_CONVERSION = YES;
				GCC_WARN_ABOUT_RETURN_TYPE = YES_ERROR;
				GCC_WARN_UNDECLARED_SELECTOR = YES;
				GCC_WARN_UNINITIALIZED_AUTOS = YES_AGGRESSIVE;
				GCC_WARN_UNUSED_FUNCTION = YES;
				GCC_WARN_UNUSED_VARIABLE = YES;
				GENERATE_INFOPLIST_FILE = NO;
				INFOPLIST_FILE = VibeTunnel/Resources/Info.plist;
				IPHONEOS_DEPLOYMENT_TARGET = 18.0;
				LD_RUNPATH_SEARCH_PATHS = (
					"$(inherited)",
					"@executable_path/Frameworks",
				);
				MARKETING_VERSION = 1.0.0;
				MTL_ENABLE_DEBUG_INFO = INCLUDE_SOURCE;
				MTL_FAST_MATH = YES;
				ONLY_ACTIVE_ARCH = YES;
				PRODUCT_BUNDLE_IDENTIFIER = com.vibetunnel.ios;
				PRODUCT_NAME = "$(TARGET_NAME)";
				SDKROOT = iphoneos;
				STRING_CATALOG_GENERATE_SYMBOLS = YES;
				SWIFT_ACTIVE_COMPILATION_CONDITIONS = DEBUG;
				SWIFT_EMIT_LOC_STRINGS = YES;
				SWIFT_OPTIMIZATION_LEVEL = "-Onone";
				SWIFT_VERSION = 6.0;
				TARGETED_DEVICE_FAMILY = "1,2";
			};
			name = Debug;
		};
		53D1373B70D93C63849036D1 /* Release */ = {
			isa = XCBuildConfiguration;
			buildSettings = {
				CLANG_ENABLE_OBJC_WEAK = NO;
				CODE_SIGN_STYLE = Automatic;
				ENABLE_TESTING_FRAMEWORKS = YES;
				GENERATE_INFOPLIST_FILE = YES;
				IPHONEOS_DEPLOYMENT_TARGET = 18.0;
				PRODUCT_BUNDLE_IDENTIFIER = com.vibetunnel.VibeTunnelTests;
				PRODUCT_NAME = VibeTunnelTests;
				SDKROOT = iphoneos;
				SWIFT_VERSION = 6.0;
				VALIDATE_PRODUCT = YES;
				WRAPPER_EXTENSION = xctest;
			};
			name = Release;
		};
		6BDD461861CF6891A0D3CAAA /* Release */ = {
			isa = XCBuildConfiguration;
			buildSettings = {
				ALWAYS_SEARCH_USER_PATHS = NO;
				ASSETCATALOG_COMPILER_APPICON_NAME = AppIcon;
				ASSETCATALOG_COMPILER_GENERATE_SWIFT_ASSET_SYMBOL_EXTENSIONS = YES;
				CLANG_ANALYZER_NONNULL = YES;
				CLANG_ANALYZER_NUMBER_OBJECT_CONVERSION = YES_AGGRESSIVE;
				CLANG_CXX_LANGUAGE_STANDARD = "gnu++14";
				CLANG_CXX_LIBRARY = "libc++";
				CLANG_ENABLE_MODULES = YES;
				CLANG_ENABLE_OBJC_ARC = YES;
				CLANG_ENABLE_OBJC_WEAK = YES;
				CLANG_WARN_BLOCK_CAPTURE_AUTORELEASING = YES;
				CLANG_WARN_BOOL_CONVERSION = YES;
				CLANG_WARN_COMMA = YES;
				CLANG_WARN_CONSTANT_CONVERSION = YES;
				CLANG_WARN_DEPRECATED_OBJC_IMPLEMENTATIONS = YES;
				CLANG_WARN_DIRECT_OBJC_ISA_USAGE = YES_ERROR;
				CLANG_WARN_DOCUMENTATION_COMMENTS = YES;
				CLANG_WARN_EMPTY_BODY = YES;
				CLANG_WARN_ENUM_CONVERSION = YES;
				CLANG_WARN_INFINITE_RECURSION = YES;
				CLANG_WARN_INT_CONVERSION = YES;
				CLANG_WARN_NON_LITERAL_NULL_CONVERSION = YES;
				CLANG_WARN_OBJC_IMPLICIT_RETAIN_SELF = YES;
				CLANG_WARN_OBJC_LITERAL_CONVERSION = YES;
				CLANG_WARN_OBJC_ROOT_CLASS = YES_ERROR;
				CLANG_WARN_QUOTED_INCLUDE_IN_FRAMEWORK_HEADER = YES;
				CLANG_WARN_RANGE_LOOP_ANALYSIS = YES;
				CLANG_WARN_STRICT_PROTOTYPES = YES;
				CLANG_WARN_SUSPICIOUS_MOVE = YES;
				CLANG_WARN_UNGUARDED_AVAILABILITY = YES_AGGRESSIVE;
				CLANG_WARN_UNREACHABLE_CODE = YES;
				CLANG_WARN__DUPLICATE_METHOD_MATCH = YES;
				CODE_SIGN_STYLE = Automatic;
				COPY_PHASE_STRIP = NO;
				CURRENT_PROJECT_VERSION = 1;
				DEBUG_INFORMATION_FORMAT = "dwarf-with-dsym";
				DEVELOPMENT_TEAM = "";
				ENABLE_NS_ASSERTIONS = NO;
				ENABLE_PREVIEWS = YES;
				ENABLE_STRICT_OBJC_MSGSEND = YES;
				ENABLE_USER_SCRIPT_SANDBOXING = YES;
				GCC_C_LANGUAGE_STANDARD = gnu11;
				GCC_NO_COMMON_BLOCKS = YES;
				GCC_WARN_64_TO_32_BIT_CONVERSION = YES;
				GCC_WARN_ABOUT_RETURN_TYPE = YES_ERROR;
				GCC_WARN_UNDECLARED_SELECTOR = YES;
				GCC_WARN_UNINITIALIZED_AUTOS = YES_AGGRESSIVE;
				GCC_WARN_UNUSED_FUNCTION = YES;
				GCC_WARN_UNUSED_VARIABLE = YES;
				GENERATE_INFOPLIST_FILE = NO;
				INFOPLIST_FILE = VibeTunnel/Resources/Info.plist;
				IPHONEOS_DEPLOYMENT_TARGET = 18.0;
				LD_RUNPATH_SEARCH_PATHS = (
					"$(inherited)",
					"@executable_path/Frameworks",
				);
				MARKETING_VERSION = 1.0.0;
				MTL_ENABLE_DEBUG_INFO = NO;
				MTL_FAST_MATH = YES;
				PRODUCT_BUNDLE_IDENTIFIER = com.vibetunnel.ios;
				PRODUCT_NAME = "$(TARGET_NAME)";
				SDKROOT = iphoneos;
				STRING_CATALOG_GENERATE_SYMBOLS = YES;
				SWIFT_COMPILATION_MODE = wholemodule;
				SWIFT_EMIT_LOC_STRINGS = YES;
				SWIFT_OPTIMIZATION_LEVEL = "-O";
				SWIFT_VERSION = 6.0;
				TARGETED_DEVICE_FAMILY = "1,2";
			};
			name = Release;
		};
		90CA90ABE902B93A619D638D /* Debug */ = {
			isa = XCBuildConfiguration;
			buildSettings = {
				CLANG_ENABLE_OBJC_WEAK = NO;
				CODE_SIGN_STYLE = Automatic;
				ENABLE_TESTING_FRAMEWORKS = YES;
				GENERATE_INFOPLIST_FILE = YES;
				IPHONEOS_DEPLOYMENT_TARGET = 18.0;
				PRODUCT_BUNDLE_IDENTIFIER = com.vibetunnel.VibeTunnelTests;
				PRODUCT_NAME = VibeTunnelTests;
				SDKROOT = iphoneos;
				SWIFT_VERSION = 6.0;
				WRAPPER_EXTENSION = xctest;
			};
			name = Debug;
		};
		E5ADA5251EC344824C852777 /* Debug */ = {
			isa = XCBuildConfiguration;
			buildSettings = {
				ALWAYS_SEARCH_USER_PATHS = NO;
				CLANG_ANALYZER_NONNULL = YES;
				CLANG_ANALYZER_NUMBER_OBJECT_CONVERSION = YES_AGGRESSIVE;
				CLANG_CXX_LANGUAGE_STANDARD = "gnu++14";
				CLANG_CXX_LIBRARY = "libc++";
				CLANG_ENABLE_MODULES = YES;
				CLANG_ENABLE_OBJC_ARC = YES;
				CLANG_ENABLE_OBJC_WEAK = YES;
				CLANG_WARN_BLOCK_CAPTURE_AUTORELEASING = YES;
				CLANG_WARN_BOOL_CONVERSION = YES;
				CLANG_WARN_COMMA = YES;
				CLANG_WARN_CONSTANT_CONVERSION = YES;
				CLANG_WARN_DEPRECATED_OBJC_IMPLEMENTATIONS = YES;
				CLANG_WARN_DIRECT_OBJC_ISA_USAGE = YES_ERROR;
				CLANG_WARN_DOCUMENTATION_COMMENTS = YES;
				CLANG_WARN_EMPTY_BODY = YES;
				CLANG_WARN_ENUM_CONVERSION = YES;
				CLANG_WARN_INFINITE_RECURSION = YES;
				CLANG_WARN_INT_CONVERSION = YES;
				CLANG_WARN_NON_LITERAL_NULL_CONVERSION = YES;
				CLANG_WARN_OBJC_IMPLICIT_RETAIN_SELF = YES;
				CLANG_WARN_OBJC_LITERAL_CONVERSION = YES;
				CLANG_WARN_OBJC_ROOT_CLASS = YES_ERROR;
				CLANG_WARN_QUOTED_INCLUDE_IN_FRAMEWORK_HEADER = YES;
				CLANG_WARN_RANGE_LOOP_ANALYSIS = YES;
				CLANG_WARN_STRICT_PROTOTYPES = YES;
				CLANG_WARN_SUSPICIOUS_MOVE = YES;
				CLANG_WARN_UNGUARDED_AVAILABILITY = YES_AGGRESSIVE;
				CLANG_WARN_UNREACHABLE_CODE = YES;
				CLANG_WARN__DUPLICATE_METHOD_MATCH = YES;
				COPY_PHASE_STRIP = NO;
				DEBUG_INFORMATION_FORMAT = dwarf;
				ENABLE_STRICT_OBJC_MSGSEND = YES;
				ENABLE_TESTABILITY = YES;
				ENABLE_USER_SCRIPT_SANDBOXING = YES;
				GCC_C_LANGUAGE_STANDARD = gnu11;
				GCC_DYNAMIC_NO_PIC = NO;
				GCC_NO_COMMON_BLOCKS = YES;
				GCC_OPTIMIZATION_LEVEL = 0;
				GCC_PREPROCESSOR_DEFINITIONS = (
					"DEBUG=1",
					"$(inherited)",
				);
				GCC_WARN_64_TO_32_BIT_CONVERSION = YES;
				GCC_WARN_ABOUT_RETURN_TYPE = YES_ERROR;
				GCC_WARN_UNDECLARED_SELECTOR = YES;
				GCC_WARN_UNINITIALIZED_AUTOS = YES_AGGRESSIVE;
				GCC_WARN_UNUSED_FUNCTION = YES;
				GCC_WARN_UNUSED_VARIABLE = YES;
				IPHONEOS_DEPLOYMENT_TARGET = 18.0;
				MTL_ENABLE_DEBUG_INFO = INCLUDE_SOURCE;
				MTL_FAST_MATH = YES;
				ONLY_ACTIVE_ARCH = YES;
				SDKROOT = iphoneos;
				SWIFT_ACTIVE_COMPILATION_CONDITIONS = DEBUG;
				SWIFT_OPTIMIZATION_LEVEL = "-Onone";
			};
			name = Debug;
		};
		F5CF3F9AC6801B6BE276B81C /* Release */ = {
			isa = XCBuildConfiguration;
			buildSettings = {
				ALWAYS_SEARCH_USER_PATHS = NO;
				CLANG_ANALYZER_NONNULL = YES;
				CLANG_ANALYZER_NUMBER_OBJECT_CONVERSION = YES_AGGRESSIVE;
				CLANG_CXX_LANGUAGE_STANDARD = "gnu++14";
				CLANG_CXX_LIBRARY = "libc++";
				CLANG_ENABLE_MODULES = YES;
				CLANG_ENABLE_OBJC_ARC = YES;
				CLANG_ENABLE_OBJC_WEAK = YES;
				CLANG_WARN_BLOCK_CAPTURE_AUTORELEASING = YES;
				CLANG_WARN_BOOL_CONVERSION = YES;
				CLANG_WARN_COMMA = YES;
				CLANG_WARN_CONSTANT_CONVERSION = YES;
				CLANG_WARN_DEPRECATED_OBJC_IMPLEMENTATIONS = YES;
				CLANG_WARN_DIRECT_OBJC_ISA_USAGE = YES_ERROR;
				CLANG_WARN_DOCUMENTATION_COMMENTS = YES;
				CLANG_WARN_EMPTY_BODY = YES;
				CLANG_WARN_ENUM_CONVERSION = YES;
				CLANG_WARN_INFINITE_RECURSION = YES;
				CLANG_WARN_INT_CONVERSION = YES;
				CLANG_WARN_NON_LITERAL_NULL_CONVERSION = YES;
				CLANG_WARN_OBJC_IMPLICIT_RETAIN_SELF = YES;
				CLANG_WARN_OBJC_LITERAL_CONVERSION = YES;
				CLANG_WARN_OBJC_ROOT_CLASS = YES_ERROR;
				CLANG_WARN_QUOTED_INCLUDE_IN_FRAMEWORK_HEADER = YES;
				CLANG_WARN_RANGE_LOOP_ANALYSIS = YES;
				CLANG_WARN_STRICT_PROTOTYPES = YES;
				CLANG_WARN_SUSPICIOUS_MOVE = YES;
				CLANG_WARN_UNGUARDED_AVAILABILITY = YES_AGGRESSIVE;
				CLANG_WARN_UNREACHABLE_CODE = YES;
				CLANG_WARN__DUPLICATE_METHOD_MATCH = YES;
				COPY_PHASE_STRIP = NO;
				DEBUG_INFORMATION_FORMAT = "dwarf-with-dsym";
				ENABLE_NS_ASSERTIONS = NO;
				ENABLE_STRICT_OBJC_MSGSEND = YES;
				ENABLE_USER_SCRIPT_SANDBOXING = YES;
				GCC_C_LANGUAGE_STANDARD = gnu11;
				GCC_NO_COMMON_BLOCKS = YES;
				GCC_WARN_64_TO_32_BIT_CONVERSION = YES;
				GCC_WARN_ABOUT_RETURN_TYPE = YES_ERROR;
				GCC_WARN_UNDECLARED_SELECTOR = YES;
				GCC_WARN_UNINITIALIZED_AUTOS = YES_AGGRESSIVE;
				GCC_WARN_UNUSED_FUNCTION = YES;
				GCC_WARN_UNUSED_VARIABLE = YES;
				IPHONEOS_DEPLOYMENT_TARGET = 18.0;
				MTL_ENABLE_DEBUG_INFO = NO;
				MTL_FAST_MATH = YES;
				SDKROOT = iphoneos;
				SWIFT_COMPILATION_MODE = wholemodule;
				SWIFT_OPTIMIZATION_LEVEL = "-O";
				VALIDATE_PRODUCT = YES;
			};
			name = Release;
		};
/* End XCBuildConfiguration section */

/* Begin XCConfigurationList section */
		6D69C4974433AED85B9B8A62 /* Build configuration list for PBXProject "VibeTunnel" */ = {
			isa = XCConfigurationList;
			buildConfigurations = (
				E5ADA5251EC344824C852777 /* Debug */,
				F5CF3F9AC6801B6BE276B81C /* Release */,
			);
			defaultConfigurationIsVisible = 0;
			defaultConfigurationName = Debug;
		};
		8D99F6108356CC0D04FBF9FD /* Build configuration list for PBXNativeTarget "VibeTunnel" */ = {
			isa = XCConfigurationList;
			buildConfigurations = (
				2287F1E073ABA2294F8D65E6 /* Debug */,
				6BDD461861CF6891A0D3CAAA /* Release */,
			);
			defaultConfigurationIsVisible = 0;
			defaultConfigurationName = Debug;
		};
		CD6729C3C50838EA5DF394FF /* Build configuration list for PBXNativeTarget "VibeTunnelTests" */ = {
			isa = XCConfigurationList;
			buildConfigurations = (
				53D1373B70D93C63849036D1 /* Release */,
				90CA90ABE902B93A619D638D /* Debug */,
			);
			defaultConfigurationIsVisible = 0;
			defaultConfigurationName = Release;
		};
/* End XCConfigurationList section */

/* Begin XCRemoteSwiftPackageReference section */
		99D7F1C619326805A282313E /* XCRemoteSwiftPackageReference "SwiftTerm" */ = {
			isa = XCRemoteSwiftPackageReference;
			repositoryURL = "https://github.com/migueldeicaza/SwiftTerm";
			requirement = {
				kind = upToNextMajorVersion;
				minimumVersion = 1.2.0;
			};
		};
/* End XCRemoteSwiftPackageReference section */

/* Begin XCSwiftPackageProductDependency section */
		51D59A51D50DE7492ECEAA6F /* SwiftTerm */ = {
			isa = XCSwiftPackageProductDependency;
			package = 99D7F1C619326805A282313E /* XCRemoteSwiftPackageReference "SwiftTerm" */;
			productName = SwiftTerm;
		};
/* End XCSwiftPackageProductDependency section */
	};
	rootObject = 4C82CEFDA8E4EFE0B37538D7 /* Project object */;
}
